
Microsoft Visual Studio Solution File, Format Version 12.00
# Visual Studio Version 16
VisualStudioVersion = 16.0.29911.84
MinimumVisualStudioVersion = 10.0.40219.1
Project("{FAE04EC0-301F-11D3-BF4B-00C04F79EFBC}") = "SignalRChat2", "SignalRChat2\SignalRChat2.csproj", "{48986DBF-8001-4E74-BE9F-BB672E6ECCC9}"
EndProject
Global
	GlobalSection(SolutionConfigurationPlatforms) = preSolution
		Debug|Any CPU = Debug|Any CPU
		Release|Any CPU = Release|Any CPU
	EndGlobalSection
	GlobalSection(ProjectConfigurationPlatforms) = postSolution
		{48986DBF-8001-4E74-BE9F-BB672E6ECCC9}.Debug|Any CPU.ActiveCfg = Debug|Any CPU
		{48986DBF-8001-4E74-BE9F-BB672E6ECCC9}.Debug|Any CPU.Build.0 = Debug|Any CPU
		{48986DBF-8001-4E74-BE9F-BB672E6ECCC9}.Release|Any CPU.ActiveCfg = Release|Any CPU
		{48986DBF-8001-4E74-BE9F-BB672E6ECCC9}.Release|Any CPU.Build.0 = Release|Any CPU
	EndGlobalSection
	GlobalSection(SolutionProperties) = preSolution
		HideSolutionNode = FALSE
	EndGlobalSection
	GlobalSection(ExtensibilityGlobals) = postSolution
		SolutionGuid = {DA0595D8-ABDF-4941-8F28-5DCA0FB39801}
	EndGlobalSection
EndGlobal
